
Microsoft Visual Studio Solution File, Format Version 12.00
# Visual Studio Version 17
VisualStudioVersion = 17.7.34003.232
MinimumVisualStudioVersion = 10.0.40219.1
Project("{9A19103F-16F7-4668-BE54-9A1E7A4F7556}") = "Application", "Application\Application.csproj", "{39DD8752-B359-4A5B-B2A4-8A14BE31A99C}"
EndProject
Project("{9A19103F-16F7-4668-BE54-9A1E7A4F7556}") = "Infrastructure", "Infraestructure\Infrastructure.csproj", "{836FB391-8AD0-4B2D-BE94-7758FF03C56C}"
EndProject
Project("{9A19103F-16F7-4668-BE54-9A1E7A4F7556}") = "Domain", "Domain\Domain.csproj", "{E20A84DE-2052-41AD-BAB5-CF3E791D0820}"
EndProject
Project("{9A19103F-16F7-4668-BE54-9A1E7A4F7556}") = "WebApi", "WebApi\WebApi.csproj", "{A42628E7-70F8-4D7C-8585-9C351BB31098}"
EndProject
Global
	GlobalSection(SolutionConfigurationPlatforms) = preSolution
		Debug|Any CPU = Debug|Any CPU
		Release|Any CPU = Release|Any CPU
	EndGlobalSection
	GlobalSection(ProjectConfigurationPlatforms) = postSolution
		{39DD8752-B359-4A5B-B2A4-8A14BE31A99C}.Debug|Any CPU.ActiveCfg = Debug|Any CPU
		{39DD8752-B359-4A5B-B2A4-8A14BE31A99C}.Debug|Any CPU.Build.0 = Debug|Any CPU
		{39DD8752-B359-4A5B-B2A4-8A14BE31A99C}.Release|Any CPU.ActiveCfg = Release|Any CPU
		{39DD8752-B359-4A5B-B2A4-8A14BE31A99C}.Release|Any CPU.Build.0 = Release|Any CPU
		{836FB391-8AD0-4B2D-BE94-7758FF03C56C}.Debug|Any CPU.ActiveCfg = Debug|Any CPU
		{836FB391-8AD0-4B2D-BE94-7758FF03C56C}.Debug|Any CPU.Build.0 = Debug|Any CPU
		{836FB391-8AD0-4B2D-BE94-7758FF03C56C}.Release|Any CPU.ActiveCfg = Release|Any CPU
		{836FB391-8AD0-4B2D-BE94-7758FF03C56C}.Release|Any CPU.Build.0 = Release|Any CPU
		{E20A84DE-2052-41AD-BAB5-CF3E791D0820}.Debug|Any CPU.ActiveCfg = Debug|Any CPU
		{E20A84DE-2052-41AD-BAB5-CF3E791D0820}.Debug|Any CPU.Build.0 = Debug|Any CPU
		{E20A84DE-2052-41AD-BAB5-CF3E791D0820}.Release|Any CPU.ActiveCfg = Release|Any CPU
		{E20A84DE-2052-41AD-BAB5-CF3E791D0820}.Release|Any CPU.Build.0 = Release|Any CPU
		{A42628E7-70F8-4D7C-8585-9C351BB31098}.Debug|Any CPU.ActiveCfg = Debug|Any CPU
		{A42628E7-70F8-4D7C-8585-9C351BB31098}.Debug|Any CPU.Build.0 = Debug|Any CPU
		{A42628E7-70F8-4D7C-8585-9C351BB31098}.Release|Any CPU.ActiveCfg = Release|Any CPU
		{A42628E7-70F8-4D7C-8585-9C351BB31098}.Release|Any CPU.Build.0 = Release|Any CPU
	EndGlobalSection
	GlobalSection(SolutionProperties) = preSolution
		HideSolutionNode = FALSE
	EndGlobalSection
	GlobalSection(ExtensibilityGlobals) = postSolution
		SolutionGuid = {5F1206B3-04D7-4B5C-B83A-500C50B058A0}
	EndGlobalSection
EndGlobal
